
Microsoft Visual Studio Solution File, Format Version 12.00
# Visual Studio Version 16
VisualStudioVersion = 16.0.32929.386
MinimumVisualStudioVersion = 10.0.40219.1
Project("{FAE04EC0-301F-11D3-BF4B-00C04F79EFBC}") = "TemperatureConvertor", "TemperatureConvertor.csproj", "{DD6CE59C-B926-4D93-B8FF-9FE8A90C663F}"
EndProject
Project("{FAE04EC0-301F-11D3-BF4B-00C04F79EFBC}") = "TemperatureConvertor.UnitTest", "..\TemperatureConvertor\TemperatureConvertor.UnitTest\TemperatureConvertor.UnitTest.csproj", "{F277125D-5150-42A4-9F88-6C617006ACD3}"
EndProject
Global
	GlobalSection(SolutionConfigurationPlatforms) = preSolution
		Debug|Any CPU = Debug|Any CPU
		Release|Any CPU = Release|Any CPU
	EndGlobalSection
	GlobalSection(ProjectConfigurationPlatforms) = postSolution
		{DD6CE59C-B926-4D93-B8FF-9FE8A90C663F}.Debug|Any CPU.ActiveCfg = Debug|Any CPU
		{DD6CE59C-B926-4D93-B8FF-9FE8A90C663F}.Debug|Any CPU.Build.0 = Debug|Any CPU
		{DD6CE59C-B926-4D93-B8FF-9FE8A90C663F}.Release|Any CPU.ActiveCfg = Release|Any CPU
		{DD6CE59C-B926-4D93-B8FF-9FE8A90C663F}.Release|Any CPU.Build.0 = Release|Any CPU
		{F277125D-5150-42A4-9F88-6C617006ACD3}.Debug|Any CPU.ActiveCfg = Debug|Any CPU
		{F277125D-5150-42A4-9F88-6C617006ACD3}.Debug|Any CPU.Build.0 = Debug|Any CPU
		{F277125D-5150-42A4-9F88-6C617006ACD3}.Release|Any CPU.ActiveCfg = Release|Any CPU
		{F277125D-5150-42A4-9F88-6C617006ACD3}.Release|Any CPU.Build.0 = Release|Any CPU
	EndGlobalSection
	GlobalSection(SolutionProperties) = preSolution
		HideSolutionNode = FALSE
	EndGlobalSection
	GlobalSection(ExtensibilityGlobals) = postSolution
		SolutionGuid = {34199021-4036-4DB6-B390-75B86EAE054F}
	EndGlobalSection
EndGlobal
